--- 
dependencies: 
  faker: 
    group: 
    - :test
    version: = 0.3.1
  right_http_connection: 
    group: 
    - :default
    version: = 1.2.4
  rails: 
    group: 
    - :default
    version: = 2.3.5
    require: []

  pg: 
    group: 
    - :production
    version: ">= 0"
  sqlite3-ruby: 
    group: 
    - :development
    version: ">= 0"
    require: 
    - sqlite3
  ambethia-smtp-tls: 
    group: 
    - :default
    version: = 1.1.2
    require: 
    - smtp-tls
  searchlogic: 
    group: 
    - :default
    version: = 2.3.9
  machinist: 
    group: 
    - :test
    version: = 1.0.6
  right_aws: 
    group: 
    - :default
    version: = 1.9.0
  paperclip: 
    group: 
    - :default
    version: = 2.3.0
  will_paginate: 
    group: 
    - :default
    version: = 2.3.11
  mocha: 
    group: 
    - :test
    version: = 0.9.8
  hoptoad_notifier: 
    group: 
    - :default
    version: = 2.1.3
specs: 
- activesupport: 
    version: 2.3.5
- actionmailer: 
    version: 2.3.5
- will_paginate: 
    version: 2.3.11
- paperclip: 
    version: 2.3.0
- rack: 
    version: 1.0.1
- actionpack: 
    version: 2.3.5
- machinist: 
    version: 1.0.6
- rake: 
    version: 0.8.7
- mocha: 
    version: 0.9.8
- sqlite3-ruby: 
    version: 1.2.5
- ambethia-smtp-tls: 
    version: 1.1.2
- activerecord: 
    version: 2.3.5
- hoptoad_notifier: 
    version: 2.1.3
- searchlogic: 
    version: 2.3.9
- pg: 
    version: 0.8.0
- activeresource: 
    version: 2.3.5
- rails: 
    version: 2.3.5
- faker: 
    version: 0.3.1
- right_http_connection: 
    version: 1.2.4
- right_aws: 
    version: 1.9.0
hash: 3db4eb9c2f906543f6fbc7fa3d3bb45b9fc7fb12
sources: 
- Rubygems: 
    uri: http://gems.rubyforge.org
- Rubygems: 
    uri: http://gems.github.com
